<?xml version="1.0" encoding="utf-8"?>
<Project ToolsVersion="16.0" xmlns="http://schemas.microsoft.com/developer/msbuild/2003">
  <ItemGroup>
    <CustomBuild Include="F:\ytb_casual_gamer\01_zuma_bot\zuma_bot\build32\CMakeFiles\2529717d4d2951d6e6f235ffad631985\generate.stamp.rule">
      <Filter>CMake Rules</Filter>
    </CustomBuild>
  </ItemGroup>
  <ItemGroup>
    <Filter Include="CMake Rules">
      <UniqueIdentifier>{762B1B28-C0C7-35D8-98DB-F97D091BB048}</UniqueIdentifier>
    </Filter>
  </ItemGroup>
</Project>
