
Microsoft Visual Studio Solution File, Format Version 12.00
# Visual Studio Version 16
Project("{8BC9CEB8-8B4A-11D0-8D11-00A0C91BC942}") = "ALL_BUILD", "ALL_BUILD.vcxproj", "{0246775E-422E-370F-BE5C-AAAB90493C8A}"
	ProjectSection(ProjectDependencies) = postProject
		{02B654DB-C5E9-3844-AF81-E51842A49004} = {02B654DB-C5E9-3844-AF81-E51842A49004}
		{181FE890-0604-3B9E-88E2-8C91AB4E2D89} = {181FE890-0604-3B9E-88E2-8C91AB4E2D89}
	EndProjectSection
EndProject
Project("{8BC9CEB8-8B4A-11D0-8D11-00A0C91BC942}") = "ZERO_CHECK", "ZERO_CHECK.vcxproj", "{02B654DB-C5E9-3844-AF81-E51842A49004}"
	ProjectSection(ProjectDependencies) = postProject
	EndProjectSection
EndProject
Project("{8BC9CEB8-8B4A-11D0-8D11-00A0C91BC942}") = "zuma_bot", "src\zuma_bot.vcxproj", "{181FE890-0604-3B9E-88E2-8C91AB4E2D89}"
	ProjectSection(ProjectDependencies) = postProject
		{02B654DB-C5E9-3844-AF81-E51842A49004} = {02B654DB-C5E9-3844-AF81-E51842A49004}
	EndProjectSection
EndProject
Global
	GlobalSection(SolutionConfigurationPlatforms) = preSolution
		Debug|win32 = Debug|win32
		Release|win32 = Release|win32
		MinSizeRel|win32 = MinSizeRel|win32
		RelWithDebInfo|win32 = RelWithDebInfo|win32
	EndGlobalSection
	GlobalSection(ProjectConfigurationPlatforms) = postSolution
		{0246775E-422E-370F-BE5C-AAAB90493C8A}.Debug|win32.ActiveCfg = Debug|win32
		{0246775E-422E-370F-BE5C-AAAB90493C8A}.Release|win32.ActiveCfg = Release|win32
		{0246775E-422E-370F-BE5C-AAAB90493C8A}.MinSizeRel|win32.ActiveCfg = MinSizeRel|win32
		{0246775E-422E-370F-BE5C-AAAB90493C8A}.RelWithDebInfo|win32.ActiveCfg = RelWithDebInfo|win32
		{02B654DB-C5E9-3844-AF81-E51842A49004}.Debug|win32.ActiveCfg = Debug|win32
		{02B654DB-C5E9-3844-AF81-E51842A49004}.Debug|win32.Build.0 = Debug|win32
		{02B654DB-C5E9-3844-AF81-E51842A49004}.Release|win32.ActiveCfg = Release|win32
		{02B654DB-C5E9-3844-AF81-E51842A49004}.Release|win32.Build.0 = Release|win32
		{02B654DB-C5E9-3844-AF81-E51842A49004}.MinSizeRel|win32.ActiveCfg = MinSizeRel|win32
		{02B654DB-C5E9-3844-AF81-E51842A49004}.MinSizeRel|win32.Build.0 = MinSizeRel|win32
		{02B654DB-C5E9-3844-AF81-E51842A49004}.RelWithDebInfo|win32.ActiveCfg = RelWithDebInfo|win32
		{02B654DB-C5E9-3844-AF81-E51842A49004}.RelWithDebInfo|win32.Build.0 = RelWithDebInfo|win32
		{181FE890-0604-3B9E-88E2-8C91AB4E2D89}.Debug|win32.ActiveCfg = Debug|win32
		{181FE890-0604-3B9E-88E2-8C91AB4E2D89}.Debug|win32.Build.0 = Debug|win32
		{181FE890-0604-3B9E-88E2-8C91AB4E2D89}.Release|win32.ActiveCfg = Release|win32
		{181FE890-0604-3B9E-88E2-8C91AB4E2D89}.Release|win32.Build.0 = Release|win32
		{181FE890-0604-3B9E-88E2-8C91AB4E2D89}.MinSizeRel|win32.ActiveCfg = MinSizeRel|win32
		{181FE890-0604-3B9E-88E2-8C91AB4E2D89}.MinSizeRel|win32.Build.0 = MinSizeRel|win32
		{181FE890-0604-3B9E-88E2-8C91AB4E2D89}.RelWithDebInfo|win32.ActiveCfg = RelWithDebInfo|win32
		{181FE890-0604-3B9E-88E2-8C91AB4E2D89}.RelWithDebInfo|win32.Build.0 = RelWithDebInfo|win32
	EndGlobalSection
	GlobalSection(ExtensibilityGlobals) = postSolution
		SolutionGuid = {ADF68976-8888-38FC-9AA3-CBC918305FC6}
	EndGlobalSection
	GlobalSection(ExtensibilityAddIns) = postSolution
	EndGlobalSection
EndGlobal
